Microsoft Visual Studio Solution File, Format Version 12.00
# Visual Studio Version 17
VisualStudioVersion = 17.5.2.0
MinimumVisualStudioVersion = 10.0.40219.1
Project("{FAE04EC0-301F-11D3-BF4B-00C04F79EFBC}") = "FlowRecord", "FlowRecord\FlowRecord.csproj", "{3E3FC8F3-5184-BD5E-CDC6-5E4A0AD73DAB}"
EndProject
Global
	GlobalSection(SolutionConfigurationPlatforms) = preSolution
		Debug|Any CPU = Debug|Any CPU
		Release|Any CPU = Release|Any CPU
	EndGlobalSection
	GlobalSection(ProjectConfigurationPlatforms) = postSolution
		{3E3FC8F3-5184-BD5E-CDC6-5E4A0AD73DAB}.Debug|Any CPU.ActiveCfg = Debug|Any CPU
		{3E3FC8F3-5184-BD5E-CDC6-5E4A0AD73DAB}.Debug|Any CPU.Build.0 = Debug|Any CPU
		{3E3FC8F3-5184-BD5E-CDC6-5E4A0AD73DAB}.Release|Any CPU.ActiveCfg = Release|Any CPU
		{3E3FC8F3-5184-BD5E-CDC6-5E4A0AD73DAB}.Release|Any CPU.Build.0 = Release|Any CPU
	EndGlobalSection
	GlobalSection(SolutionProperties) = preSolution
		HideSolutionNode = FALSE
	EndGlobalSection
	GlobalSection(ExtensibilityGlobals) = postSolution
		SolutionGuid = {CC5E6463-DB28-4B55-8CBF-85DD5E776BBE}
	EndGlobalSection
EndGlobal
